{
  "name": "fast-check-benchmarks",
  "version": "1.0.0",
  "lockfileVersion": 1,
  "requires": true,
  "dependencies": {
    "benchmark": {
      "version": "2.1.4",
      "resolved": "https://registry.npmjs.org/benchmark/-/benchmark-2.1.4.tgz",
      "integrity": "sha1-CfPeMckWQl1JjMLuVloOvzwqVik=",
      "requires": {
        "lodash": "^4.17.4",
        "platform": "^1.3.3"
      }
    },
    "fc-2.0.0": {
      "version": "npm:fast-check@2.0.0",
      "resolved": "https://registry.npmjs.org/fast-check/-/fast-check-2.0.0.tgz",
      "integrity": "sha512-ef4Au3VLUnqVZVd5vccLd4/cgRsu5lmfj7wpfMdS7OlgS2z3QNd5WmpocHCk/XSQ07Ps8phg0KgLbNzLByp4fw==",
      "requires": {
        "pure-rand": "^3.0.0"
      },
      "dependencies": {
        "pure-rand": {
          "version": "3.1.0",
          "resolved": "https://registry.npmjs.org/pure-rand/-/pure-rand-3.1.0.tgz",
          "integrity": "sha512-xkCSMNjEnLG/A8iTH9M5ayXN4SCWRP+ih3rxi09Q7Fu0b9jAP6V9H59pOtcB37IsVt3eHxf1FMy9n7YrqdDdSA=="
        }
      }
    },
    "fc-2.1.0": {
      "version": "npm:fast-check@2.1.0",
      "resolved": "https://registry.npmjs.org/fast-check/-/fast-check-2.1.0.tgz",
      "integrity": "sha512-aZe06whLv1ZNFM1rn8mGL3+wf0PQpZyySQ81+O0L3APiLNzCi2PtJqeohn5Xab1yAxF3Vhzf5AvKzPispGd0tQ==",
      "requires": {
        "pure-rand": "^3.0.0"
      },
      "dependencies": {
        "pure-rand": {
          "version": "3.1.0",
          "resolved": "https://registry.npmjs.org/pure-rand/-/pure-rand-3.1.0.tgz",
          "integrity": "sha512-xkCSMNjEnLG/A8iTH9M5ayXN4SCWRP+ih3rxi09Q7Fu0b9jAP6V9H59pOtcB37IsVt3eHxf1FMy9n7YrqdDdSA=="
        }
      }
    },
    "fc-2.10.0": {
      "version": "npm:fast-check@2.10.0",
      "resolved": "https://registry.npmjs.org/fast-check/-/fast-check-2.10.0.tgz",
      "integrity": "sha512-nzpt+BkNpCuNVi431a2a8Cq4X3Y1mTceUE1PaZaIwTIgMuV5j+XsLul00swaS2Yh1oB+LZDnTf0zYdogw8KXfg==",
      "requires": {
        "pure-rand": "^4.1.1"
      }
    },
    "fc-2.11.0": {
      "version": "npm:fast-check@2.11.0",
      "resolved": "https://registry.npmjs.org/fast-check/-/fast-check-2.11.0.tgz",
      "integrity": "sha512-galBVrbyjdHOW+WOCp/NFP3J6t6Pc0uajz0oJaUAFRXLHXt6lcUeD1bcBFqUWV1aeK9QJgeRpIYf4e+PHeASUQ==",
      "requires": {
        "pure-rand": "^4.1.1"
      }
    },
    "fc-2.12.0": {
      "version": "npm:fast-check@2.12.0",
      "resolved": "https://registry.npmjs.org/fast-check/-/fast-check-2.12.0.tgz",
      "integrity": "sha512-6wZK9r2zymqtj/7k9LB4TTJGiyoGtN7NamXAKOWa4svZlFOdE3p7kbC46Au474E6R6votoQrM5aAjRnYnx0BNg==",
      "requires": {
        "pure-rand": "^4.1.1"
      }
    },
    "fc-2.13.0": {
      "version": "npm:fast-check@2.13.0",
      "resolved": "https://registry.npmjs.org/fast-check/-/fast-check-2.13.0.tgz",
      "integrity": "sha512-IOfzKm/SCA+jpUEgAfqAuxHYPmgtmpnnwljQmYPRGrqYczcTKApXKHza/SNxFxYkecWfZilYa0DJdBvqz1bcSw==",
      "requires": {
        "pure-rand": "^4.1.1"
      }
    },
    "fc-2.14.0": {
      "version": "npm:fast-check@2.14.0",
      "resolved": "https://registry.npmjs.org/fast-check/-/fast-check-2.14.0.tgz",
      "integrity": "sha512-4hm0ioyEVCwgjBLBqriwAFYu3/yc7pNH9fBfvzi6JRWRs4R3mwZwrr/d4MHbY0fTBJ0Uakg4TaMAAQ8Cnt2+KQ==",
      "requires": {
        "pure-rand": "^4.1.1"
      }
    },
    "fc-2.15.0": {
      "version": "npm:fast-check@2.15.0",
      "resolved": "https://registry.npmjs.org/fast-check/-/fast-check-2.15.0.tgz",
      "integrity": "sha512-3kCEB5TK1dR/mXqKHBH9K62EKyldwZMttPalzVYRTGEzKywRV0JFOkzsuGshCRW9IVXKi3bqxjXs+DnMcIc2wA==",
      "requires": {
        "pure-rand": "^4.1.1"
      }
    },
    "fc-2.2.0": {
      "version": "npm:fast-check@2.2.0",
      "resolved": "https://registry.npmjs.org/fast-check/-/fast-check-2.2.0.tgz",
      "integrity": "sha512-db7mQbTQqp/oAg6glLWmxGoB9J7E4UBWzB40vBOuE8PQ9x8aDvSvBJmjYQg0y0WlIHRegGkhl1BfxczSieVNaA==",
      "requires": {
        "pure-rand": "^3.0.0"
      },
      "dependencies": {
        "pure-rand": {
          "version": "3.1.0",
          "resolved": "https://registry.npmjs.org/pure-rand/-/pure-rand-3.1.0.tgz",
          "integrity": "sha512-xkCSMNjEnLG/A8iTH9M5ayXN4SCWRP+ih3rxi09Q7Fu0b9jAP6V9H59pOtcB37IsVt3eHxf1FMy9n7YrqdDdSA=="
        }
      }
    },
    "fc-2.3.0": {
      "version": "npm:fast-check@2.3.0",
      "resolved": "https://registry.npmjs.org/fast-check/-/fast-check-2.3.0.tgz",
      "integrity": "sha512-VnU5lzab1vlXj3tUVe4bqWabZhUNyE/DJ+iilpQWW1GLnrp7OZBHccCz7NzZaNv7cEdrp4YgXoguKQjSVREXng==",
      "requires": {
        "pure-rand": "^3.0.0"
      },
      "dependencies": {
        "pure-rand": {
          "version": "3.1.0",
          "resolved": "https://registry.npmjs.org/pure-rand/-/pure-rand-3.1.0.tgz",
          "integrity": "sha512-xkCSMNjEnLG/A8iTH9M5ayXN4SCWRP+ih3rxi09Q7Fu0b9jAP6V9H59pOtcB37IsVt3eHxf1FMy9n7YrqdDdSA=="
        }
      }
    },
    "fc-2.4.0": {
      "version": "npm:fast-check@2.4.0",
      "resolved": "https://registry.npmjs.org/fast-check/-/fast-check-2.4.0.tgz",
      "integrity": "sha512-28SiCkMSkCq5x3vOjCkwqsJRL3rUAdAvp9vjslDbCf25Ej1HaZBgRrgW1/a31m2LMlG9lM4jsTc7xy5xuCu8Jg==",
      "requires": {
        "pure-rand": "^3.0.0"
      },
      "dependencies": {
        "pure-rand": {
          "version": "3.1.0",
          "resolved": "https://registry.npmjs.org/pure-rand/-/pure-rand-3.1.0.tgz",
          "integrity": "sha512-xkCSMNjEnLG/A8iTH9M5ayXN4SCWRP+ih3rxi09Q7Fu0b9jAP6V9H59pOtcB37IsVt3eHxf1FMy9n7YrqdDdSA=="
        }
      }
    },
    "fc-2.5.0": {
      "version": "npm:fast-check@2.5.0",
      "resolved": "https://registry.npmjs.org/fast-check/-/fast-check-2.5.0.tgz",
      "integrity": "sha512-1DQmeMef1xs7AQP3dHIpVtAc5FzpUdEJE6y1rqt2MX1+uVEGdqPT5u31h14oxbA/Xoxsm9YqahxsszLZBMg/dA==",
      "requires": {
        "pure-rand": "^3.0.0"
      },
      "dependencies": {
        "pure-rand": {
          "version": "3.1.0",
          "resolved": "https://registry.npmjs.org/pure-rand/-/pure-rand-3.1.0.tgz",
          "integrity": "sha512-xkCSMNjEnLG/A8iTH9M5ayXN4SCWRP+ih3rxi09Q7Fu0b9jAP6V9H59pOtcB37IsVt3eHxf1FMy9n7YrqdDdSA=="
        }
      }
    },
    "fc-2.6.0": {
      "version": "npm:fast-check@2.6.0",
      "resolved": "https://registry.npmjs.org/fast-check/-/fast-check-2.6.0.tgz",
      "integrity": "sha512-Wpz0mMPGxvOtMBaEguu5Pw35uTVfJzAUqRYQksiHk6vHKBV2YNeKk9BzTuqVCYwUIl+NELyPBY2Mg96sYk2fhw==",
      "requires": {
        "pure-rand": "^3.0.0"
      },
      "dependencies": {
        "pure-rand": {
          "version": "3.1.0",
          "resolved": "https://registry.npmjs.org/pure-rand/-/pure-rand-3.1.0.tgz",
          "integrity": "sha512-xkCSMNjEnLG/A8iTH9M5ayXN4SCWRP+ih3rxi09Q7Fu0b9jAP6V9H59pOtcB37IsVt3eHxf1FMy9n7YrqdDdSA=="
        }
      }
    },
    "fc-2.7.0": {
      "version": "npm:fast-check@2.7.0",
      "resolved": "https://registry.npmjs.org/fast-check/-/fast-check-2.7.0.tgz",
      "integrity": "sha512-+frnWpxp43Egnx2wuqRVrbHj1YXpHRwLle6lhKJODnu7uH0krGjNRlUo+1oioKULA5jgQ6I6ctTrqFuaw4gZFA==",
      "requires": {
        "pure-rand": "^4.0.0"
      }
    },
    "fc-2.8.0": {
      "version": "npm:fast-check@2.8.0",
      "resolved": "https://registry.npmjs.org/fast-check/-/fast-check-2.8.0.tgz",
      "integrity": "sha512-huSr4HpUwFL7w0Hte8lai8/+n2znJauZG8JMVLE8zgfmcUqAHtpXVUI7azJ2F6K/tETo5Z4I6rqAkhpCATu1gA==",
      "requires": {
        "pure-rand": "^4.1.1"
      }
    },
    "fc-2.9.0": {
      "version": "npm:fast-check@2.9.0",
      "resolved": "https://registry.npmjs.org/fast-check/-/fast-check-2.9.0.tgz",
      "integrity": "sha512-fBzBqvcj7vgMxrRIpIfle2oOXi1KFB4Ekxhl0bttVqRUPrxb9XE5/GFj8s6TsAgDR3BRtFYtWtT5Nx0FAW4FiQ==",
      "requires": {
        "pure-rand": "^4.1.1"
      }
    },
    "fc-99.99.99": {
      "version": "npm:fast-check@2.15.0",
      "resolved": "https://registry.npmjs.org/fast-check/-/fast-check-2.15.0.tgz",
      "integrity": "sha512-3kCEB5TK1dR/mXqKHBH9K62EKyldwZMttPalzVYRTGEzKywRV0JFOkzsuGshCRW9IVXKi3bqxjXs+DnMcIc2wA==",
      "requires": {
        "pure-rand": "^4.1.1"
      }
    },
    "lodash": {
      "version": "4.17.21",
      "resolved": "https://registry.npmjs.org/lodash/-/lodash-4.17.21.tgz",
      "integrity": "sha512-v2kDEe57lecTulaDIuNTPy3Ry4gLGJ6Z1O3vE1krgXZNrsQ+LFTGHVxVjcXPs17LhbZVGedAJv8XZ1tvj5FvSg=="
    },
    "platform": {
      "version": "1.3.6",
      "resolved": "https://registry.npmjs.org/platform/-/platform-1.3.6.tgz",
      "integrity": "sha512-fnWVljUchTro6RiCFvCXBbNhJc2NijN7oIQxbwsyL0buWJPG85v81ehlHI9fXrJsMNgTofEoWIQeClKpgxFLrg=="
    },
    "pure-rand": {
      "version": "4.1.2",
      "resolved": "https://registry.npmjs.org/pure-rand/-/pure-rand-4.1.2.tgz",
      "integrity": "sha512-uLzZpQWfroIqyFWmX/pl0OL2JHJdoU3dbh0dvZ25fChHFJJi56J5oQZhW6QgbT2Llwh1upki84LnTwlZvsungA=="
    }
  }
}
